
Microsoft Visual Studio Solution File, Format Version 12.00
# Visual Studio Version 16
VisualStudioVersion = 16.0.30406.217
MinimumVisualStudioVersion = 10.0.40219.1
Project("{9A19103F-16F7-4668-BE54-9A1E7A4F7556}") = "Qulaly", "src\Qulaly\Qulaly.csproj", "{79183E0A-D647-4B53-9935-9D10B2F95532}"
EndProject
Project("{2150E333-8FDC-42A3-9474-1A3956D46DE8}") = "Solution Items", "Solution Items", "{46B6CBA3-58E8-49F6-A6CB-89380140F920}"
	ProjectSection(SolutionItems) = preProject
		src\.editorconfig = src\.editorconfig
		Directory.Build.props = Directory.Build.props
		README.md = README.md
	EndProjectSection
EndProject
Project("{2150E333-8FDC-42A3-9474-1A3956D46DE8}") = "Tests", "Tests", "{D5DDDC85-0EA8-4704-8BA2-A0313BFB0000}"
EndProject
Project("{9A19103F-16F7-4668-BE54-9A1E7A4F7556}") = "Qulaly.Tests", "tests\Qulaly.Tests\Qulaly.Tests.csproj", "{71BDFF46-85E9-432D-AA28-4DC04718E352}"
EndProject
Project("{2150E333-8FDC-42A3-9474-1A3956D46DE8}") = "GitHub Actions", "GitHub Actions", "{A388CC90-D3CD-4F16-891E-78BDC87980FD}"
	ProjectSection(SolutionItems) = preProject
		.github\workflows\build.yaml = .github\workflows\build.yaml
		.github\workflows\release.yml = .github\workflows\release.yml
	EndProjectSection
EndProject
Project("{FAE04EC0-301F-11D3-BF4B-00C04F79EFBC}") = "Qulaly.Web.Playground", "src\Qulaly.Web.Playground\Qulaly.Web.Playground.csproj", "{8BFA9965-30E4-4C7F-9617-015966AAF08D}"
EndProject
Global
	GlobalSection(SolutionConfigurationPlatforms) = preSolution
		Debug|Any CPU = Debug|Any CPU
		Release|Any CPU = Release|Any CPU
	EndGlobalSection
	GlobalSection(ProjectConfigurationPlatforms) = postSolution
		{79183E0A-D647-4B53-9935-9D10B2F95532}.Debug|Any CPU.ActiveCfg = Debug|Any CPU
		{79183E0A-D647-4B53-9935-9D10B2F95532}.Debug|Any CPU.Build.0 = Debug|Any CPU
		{79183E0A-D647-4B53-9935-9D10B2F95532}.Release|Any CPU.ActiveCfg = Release|Any CPU
		{79183E0A-D647-4B53-9935-9D10B2F95532}.Release|Any CPU.Build.0 = Release|Any CPU
		{71BDFF46-85E9-432D-AA28-4DC04718E352}.Debug|Any CPU.ActiveCfg = Debug|Any CPU
		{71BDFF46-85E9-432D-AA28-4DC04718E352}.Debug|Any CPU.Build.0 = Debug|Any CPU
		{71BDFF46-85E9-432D-AA28-4DC04718E352}.Release|Any CPU.ActiveCfg = Release|Any CPU
		{71BDFF46-85E9-432D-AA28-4DC04718E352}.Release|Any CPU.Build.0 = Release|Any CPU
		{8BFA9965-30E4-4C7F-9617-015966AAF08D}.Debug|Any CPU.ActiveCfg = Debug|Any CPU
		{8BFA9965-30E4-4C7F-9617-015966AAF08D}.Debug|Any CPU.Build.0 = Debug|Any CPU
		{8BFA9965-30E4-4C7F-9617-015966AAF08D}.Release|Any CPU.ActiveCfg = Release|Any CPU
		{8BFA9965-30E4-4C7F-9617-015966AAF08D}.Release|Any CPU.Build.0 = Release|Any CPU
	EndGlobalSection
	GlobalSection(SolutionProperties) = preSolution
		HideSolutionNode = FALSE
	EndGlobalSection
	GlobalSection(NestedProjects) = preSolution
		{71BDFF46-85E9-432D-AA28-4DC04718E352} = {D5DDDC85-0EA8-4704-8BA2-A0313BFB0000}
		{A388CC90-D3CD-4F16-891E-78BDC87980FD} = {46B6CBA3-58E8-49F6-A6CB-89380140F920}
	EndGlobalSection
	GlobalSection(ExtensibilityGlobals) = postSolution
		SolutionGuid = {CF76B7C6-BB23-41DD-AF46-0099957A64C8}
	EndGlobalSection
EndGlobal
